
Microsoft Visual Studio Solution File, Format Version 12.00
# Visual Studio 15
VisualStudioVersion = 15.0.26430.15
MinimumVisualStudioVersion = 10.0.40219.1
Project("{FAE04EC0-301F-11D3-BF4B-00C04F79EFBC}") = "GameStore.Services", "GameStore.Services\GameStore.Services.csproj", "{C5E410DD-69D9-4A8B-ACAB-1414BA91DCBF}"
EndProject
Project("{FAE04EC0-301F-11D3-BF4B-00C04F79EFBC}") = "GameStore.DAL", "GameStore.DAL\GameStore.DAL.csproj", "{8A3889E4-A9BA-486D-B5C4-3A3C3EE0E824}"
EndProject
Project("{FAE04EC0-301F-11D3-BF4B-00C04F79EFBC}") = "GameStore.Web", "GameStore.Web\GameStore.Web.csproj", "{4DA12652-999E-4D2D-81B7-5BBFA1F0878B}"
EndProject
Project("{FAE04EC0-301F-11D3-BF4B-00C04F79EFBC}") = "GameStore.Services.Tests", "GameStore.Services.Tests\GameStore.Services.Tests.csproj", "{E21D8A57-D2D5-418E-AF98-CF181775BD1E}"
EndProject
Project("{FAE04EC0-301F-11D3-BF4B-00C04F79EFBC}") = "GameStore.Web.Tests", "GameStore.Web.Tests\GameStore.Web.Tests.csproj", "{09CC9332-8D99-449C-840A-B8D8C8E25021}"
EndProject
Project("{FAE04EC0-301F-11D3-BF4B-00C04F79EFBC}") = "GameStore.Common", "GameStore.Common\GameStore.Common.csproj", "{2567104D-41D6-43B6-94FE-51F1FE8F6407}"
EndProject
Project("{FAE04EC0-301F-11D3-BF4B-00C04F79EFBC}") = "GameStore.Ninject", "GameStore.Ninject\GameStore.Ninject.csproj", "{B8990C97-9D55-490E-8064-FC2BD1731338}"
EndProject
Project("{FAE04EC0-301F-11D3-BF4B-00C04F79EFBC}") = "GameStore.DAL.Tests", "GameStore.DAL.Tests\GameStore.DAL.Tests.csproj", "{7CC9F095-1D53-4412-AF2D-8A8853D91B74}"
EndProject
Project("{FAE04EC0-301F-11D3-BF4B-00C04F79EFBC}") = "GameStore.Authentification", "GameStore.Authentification\GameStore.Authentification.csproj", "{21ABABD0-FA79-4693-B6F0-F7E6458F5AF3}"
EndProject
Global
	GlobalSection(SolutionConfigurationPlatforms) = preSolution
		Debug|Any CPU = Debug|Any CPU
		Release|Any CPU = Release|Any CPU
	EndGlobalSection
	GlobalSection(ProjectConfigurationPlatforms) = postSolution
		{C5E410DD-69D9-4A8B-ACAB-1414BA91DCBF}.Debug|Any CPU.ActiveCfg = Debug|Any CPU
		{C5E410DD-69D9-4A8B-ACAB-1414BA91DCBF}.Debug|Any CPU.Build.0 = Debug|Any CPU
		{C5E410DD-69D9-4A8B-ACAB-1414BA91DCBF}.Release|Any CPU.ActiveCfg = Release|Any CPU
		{C5E410DD-69D9-4A8B-ACAB-1414BA91DCBF}.Release|Any CPU.Build.0 = Release|Any CPU
		{8A3889E4-A9BA-486D-B5C4-3A3C3EE0E824}.Debug|Any CPU.ActiveCfg = Debug|Any CPU
		{8A3889E4-A9BA-486D-B5C4-3A3C3EE0E824}.Debug|Any CPU.Build.0 = Debug|Any CPU
		{8A3889E4-A9BA-486D-B5C4-3A3C3EE0E824}.Release|Any CPU.ActiveCfg = Release|Any CPU
		{8A3889E4-A9BA-486D-B5C4-3A3C3EE0E824}.Release|Any CPU.Build.0 = Release|Any CPU
		{4DA12652-999E-4D2D-81B7-5BBFA1F0878B}.Debug|Any CPU.ActiveCfg = Debug|Any CPU
		{4DA12652-999E-4D2D-81B7-5BBFA1F0878B}.Debug|Any CPU.Build.0 = Debug|Any CPU
		{4DA12652-999E-4D2D-81B7-5BBFA1F0878B}.Release|Any CPU.ActiveCfg = Release|Any CPU
		{4DA12652-999E-4D2D-81B7-5BBFA1F0878B}.Release|Any CPU.Build.0 = Release|Any CPU
		{E21D8A57-D2D5-418E-AF98-CF181775BD1E}.Debug|Any CPU.ActiveCfg = Debug|Any CPU
		{E21D8A57-D2D5-418E-AF98-CF181775BD1E}.Debug|Any CPU.Build.0 = Debug|Any CPU
		{E21D8A57-D2D5-418E-AF98-CF181775BD1E}.Release|Any CPU.ActiveCfg = Release|Any CPU
		{E21D8A57-D2D5-418E-AF98-CF181775BD1E}.Release|Any CPU.Build.0 = Release|Any CPU
		{09CC9332-8D99-449C-840A-B8D8C8E25021}.Debug|Any CPU.ActiveCfg = Debug|Any CPU
		{09CC9332-8D99-449C-840A-B8D8C8E25021}.Debug|Any CPU.Build.0 = Debug|Any CPU
		{09CC9332-8D99-449C-840A-B8D8C8E25021}.Release|Any CPU.ActiveCfg = Release|Any CPU
		{09CC9332-8D99-449C-840A-B8D8C8E25021}.Release|Any CPU.Build.0 = Release|Any CPU
		{2567104D-41D6-43B6-94FE-51F1FE8F6407}.Debug|Any CPU.ActiveCfg = Debug|Any CPU
		{2567104D-41D6-43B6-94FE-51F1FE8F6407}.Debug|Any CPU.Build.0 = Debug|Any CPU
		{2567104D-41D6-43B6-94FE-51F1FE8F6407}.Release|Any CPU.ActiveCfg = Release|Any CPU
		{2567104D-41D6-43B6-94FE-51F1FE8F6407}.Release|Any CPU.Build.0 = Release|Any CPU
		{B8990C97-9D55-490E-8064-FC2BD1731338}.Debug|Any CPU.ActiveCfg = Debug|Any CPU
		{B8990C97-9D55-490E-8064-FC2BD1731338}.Debug|Any CPU.Build.0 = Debug|Any CPU
		{B8990C97-9D55-490E-8064-FC2BD1731338}.Release|Any CPU.ActiveCfg = Release|Any CPU
		{B8990C97-9D55-490E-8064-FC2BD1731338}.Release|Any CPU.Build.0 = Release|Any CPU
		{7CC9F095-1D53-4412-AF2D-8A8853D91B74}.Debug|Any CPU.ActiveCfg = Debug|Any CPU
		{7CC9F095-1D53-4412-AF2D-8A8853D91B74}.Debug|Any CPU.Build.0 = Debug|Any CPU
		{7CC9F095-1D53-4412-AF2D-8A8853D91B74}.Release|Any CPU.ActiveCfg = Release|Any CPU
		{7CC9F095-1D53-4412-AF2D-8A8853D91B74}.Release|Any CPU.Build.0 = Release|Any CPU
		{21ABABD0-FA79-4693-B6F0-F7E6458F5AF3}.Debug|Any CPU.ActiveCfg = Debug|Any CPU
		{21ABABD0-FA79-4693-B6F0-F7E6458F5AF3}.Debug|Any CPU.Build.0 = Debug|Any CPU
		{21ABABD0-FA79-4693-B6F0-F7E6458F5AF3}.Release|Any CPU.ActiveCfg = Release|Any CPU
		{21ABABD0-FA79-4693-B6F0-F7E6458F5AF3}.Release|Any CPU.Build.0 = Release|Any CPU
	EndGlobalSection
	GlobalSection(SolutionProperties) = preSolution
		HideSolutionNode = FALSE
	EndGlobalSection
EndGlobal
