
Microsoft Visual Studio Solution File, Format Version 12.00
# Visual Studio 15
VisualStudioVersion = 15.0.26730.12
MinimumVisualStudioVersion = 10.0.40219.1
Project("{FAE04EC0-301F-11D3-BF4B-00C04F79EFBC}") = "PaymentService", "PaymentService\PaymentService.csproj", "{736C1571-3C8B-4896-A061-DB75A3D2D8F1}"
EndProject
Project("{FAE04EC0-301F-11D3-BF4B-00C04F79EFBC}") = "Common", "Common\Common.csproj", "{573B41E2-0889-46D5-9EF7-C44D33E89501}"
EndProject
Project("{FAE04EC0-301F-11D3-BF4B-00C04F79EFBC}") = "ConsoleHost", "ConsoleHost\ConsoleHost.csproj", "{22A94611-6290-41F6-8B09-0B6CB23A6AE4}"
EndProject
Global
	GlobalSection(SolutionConfigurationPlatforms) = preSolution
		Debug|Any CPU = Debug|Any CPU
		Release|Any CPU = Release|Any CPU
	EndGlobalSection
	GlobalSection(ProjectConfigurationPlatforms) = postSolution
		{736C1571-3C8B-4896-A061-DB75A3D2D8F1}.Debug|Any CPU.ActiveCfg = Debug|Any CPU
		{736C1571-3C8B-4896-A061-DB75A3D2D8F1}.Debug|Any CPU.Build.0 = Debug|Any CPU
		{736C1571-3C8B-4896-A061-DB75A3D2D8F1}.Release|Any CPU.ActiveCfg = Release|Any CPU
		{736C1571-3C8B-4896-A061-DB75A3D2D8F1}.Release|Any CPU.Build.0 = Release|Any CPU
		{573B41E2-0889-46D5-9EF7-C44D33E89501}.Debug|Any CPU.ActiveCfg = Debug|Any CPU
		{573B41E2-0889-46D5-9EF7-C44D33E89501}.Debug|Any CPU.Build.0 = Debug|Any CPU
		{573B41E2-0889-46D5-9EF7-C44D33E89501}.Release|Any CPU.ActiveCfg = Release|Any CPU
		{573B41E2-0889-46D5-9EF7-C44D33E89501}.Release|Any CPU.Build.0 = Release|Any CPU
		{22A94611-6290-41F6-8B09-0B6CB23A6AE4}.Debug|Any CPU.ActiveCfg = Debug|Any CPU
		{22A94611-6290-41F6-8B09-0B6CB23A6AE4}.Debug|Any CPU.Build.0 = Debug|Any CPU
		{22A94611-6290-41F6-8B09-0B6CB23A6AE4}.Release|Any CPU.ActiveCfg = Release|Any CPU
		{22A94611-6290-41F6-8B09-0B6CB23A6AE4}.Release|Any CPU.Build.0 = Release|Any CPU
	EndGlobalSection
	GlobalSection(SolutionProperties) = preSolution
		HideSolutionNode = FALSE
	EndGlobalSection
	GlobalSection(ExtensibilityGlobals) = postSolution
		SolutionGuid = {B20B9998-80CA-44DE-ADC1-74134827FF9E}
	EndGlobalSection
EndGlobal
